
Microsoft Visual Studio Solution File, Format Version 12.00
# Visual Studio Version 17
VisualStudioVersion = 17.14.36804.6 d17.14
MinimumVisualStudioVersion = 10.0.40219.1
Project("{F184B08F-C81C-45F6-A57F-5ABD9991F28F}") = "Practice 1", "Practice 1\Practice 1.vbproj", "{9AA67AB7-59CF-4C89-839E-27E3C7F29640}"
EndProject
Global
	GlobalSection(SolutionConfigurationPlatforms) = preSolution
		Debug|Any CPU = Debug|Any CPU
		Release|Any CPU = Release|Any CPU
	EndGlobalSection
	GlobalSection(ProjectConfigurationPlatforms) = postSolution
		{9AA67AB7-59CF-4C89-839E-27E3C7F29640}.Debug|Any CPU.ActiveCfg = Debug|Any CPU
		{9AA67AB7-59CF-4C89-839E-27E3C7F29640}.Debug|Any CPU.Build.0 = Debug|Any CPU
		{9AA67AB7-59CF-4C89-839E-27E3C7F29640}.Release|Any CPU.ActiveCfg = Release|Any CPU
		{9AA67AB7-59CF-4C89-839E-27E3C7F29640}.Release|Any CPU.Build.0 = Release|Any CPU
	EndGlobalSection
	GlobalSection(SolutionProperties) = preSolution
		HideSolutionNode = FALSE
	EndGlobalSection
	GlobalSection(ExtensibilityGlobals) = postSolution
		SolutionGuid = {F25AE500-0393-4221-8000-3B147B0F68E8}
	EndGlobalSection
EndGlobal
