
Microsoft Visual Studio Solution File, Format Version 12.00
# Visual Studio Version 17
VisualStudioVersion = 17.14.36804.6 d17.14
MinimumVisualStudioVersion = 10.0.40219.1
Project("{F184B08F-C81C-45F6-A57F-5ABD9991F28F}") = "MidtermsNFinals", "MidtermsNFinals\MidtermsNFinals.vbproj", "{800E7396-EC5C-488D-8FFF-8A1C1B04A93E}"
EndProject
Global
	GlobalSection(SolutionConfigurationPlatforms) = preSolution
		Debug|Any CPU = Debug|Any CPU
		Release|Any CPU = Release|Any CPU
	EndGlobalSection
	GlobalSection(ProjectConfigurationPlatforms) = postSolution
		{800E7396-EC5C-488D-8FFF-8A1C1B04A93E}.Debug|Any CPU.ActiveCfg = Debug|Any CPU
		{800E7396-EC5C-488D-8FFF-8A1C1B04A93E}.Debug|Any CPU.Build.0 = Debug|Any CPU
		{800E7396-EC5C-488D-8FFF-8A1C1B04A93E}.Release|Any CPU.ActiveCfg = Release|Any CPU
		{800E7396-EC5C-488D-8FFF-8A1C1B04A93E}.Release|Any CPU.Build.0 = Release|Any CPU
	EndGlobalSection
	GlobalSection(SolutionProperties) = preSolution
		HideSolutionNode = FALSE
	EndGlobalSection
	GlobalSection(ExtensibilityGlobals) = postSolution
		SolutionGuid = {5233A789-49D9-4923-8442-6E04477104E1}
	EndGlobalSection
EndGlobal
